
Microsoft Visual Studio Solution File, Format Version 12.00
# Visual Studio Version 17
VisualStudioVersion = 17.6.33829.357
MinimumVisualStudioVersion = 10.0.40219.1
Project("{FAE04EC0-301F-11D3-BF4B-00C04F79EFBC}") = "Colegio.Api", "Colegio.Api\Colegio.Api.csproj", "{20D304D8-A1A7-4DFD-B391-E24735CD35E8}"
EndProject
Project("{FAE04EC0-301F-11D3-BF4B-00C04F79EFBC}") = "Colegio.Core", "Colegio.Core\Colegio.Core.csproj", "{403EF2AA-BB14-4084-9D58-3CDAF724AD89}"
EndProject
Project("{FAE04EC0-301F-11D3-BF4B-00C04F79EFBC}") = "Colegio.Infra", "Colegio.Infra\Colegio.Infra.csproj", "{0F740965-1191-4D74-AE41-8C2F98E6FA54}"
EndProject
Global
	GlobalSection(SolutionConfigurationPlatforms) = preSolution
		Debug|Any CPU = Debug|Any CPU
		Release|Any CPU = Release|Any CPU
	EndGlobalSection
	GlobalSection(ProjectConfigurationPlatforms) = postSolution
		{20D304D8-A1A7-4DFD-B391-E24735CD35E8}.Debug|Any CPU.ActiveCfg = Debug|Any CPU
		{20D304D8-A1A7-4DFD-B391-E24735CD35E8}.Debug|Any CPU.Build.0 = Debug|Any CPU
		{20D304D8-A1A7-4DFD-B391-E24735CD35E8}.Release|Any CPU.ActiveCfg = Release|Any CPU
		{20D304D8-A1A7-4DFD-B391-E24735CD35E8}.Release|Any CPU.Build.0 = Release|Any CPU
		{403EF2AA-BB14-4084-9D58-3CDAF724AD89}.Debug|Any CPU.ActiveCfg = Debug|Any CPU
		{403EF2AA-BB14-4084-9D58-3CDAF724AD89}.Debug|Any CPU.Build.0 = Debug|Any CPU
		{403EF2AA-BB14-4084-9D58-3CDAF724AD89}.Release|Any CPU.ActiveCfg = Release|Any CPU
		{403EF2AA-BB14-4084-9D58-3CDAF724AD89}.Release|Any CPU.Build.0 = Release|Any CPU
		{0F740965-1191-4D74-AE41-8C2F98E6FA54}.Debug|Any CPU.ActiveCfg = Debug|Any CPU
		{0F740965-1191-4D74-AE41-8C2F98E6FA54}.Debug|Any CPU.Build.0 = Debug|Any CPU
		{0F740965-1191-4D74-AE41-8C2F98E6FA54}.Release|Any CPU.ActiveCfg = Release|Any CPU
		{0F740965-1191-4D74-AE41-8C2F98E6FA54}.Release|Any CPU.Build.0 = Release|Any CPU
	EndGlobalSection
	GlobalSection(SolutionProperties) = preSolution
		HideSolutionNode = FALSE
	EndGlobalSection
	GlobalSection(ExtensibilityGlobals) = postSolution
		SolutionGuid = {79F37F27-5E63-4A20-B9AC-C9331F2DEEB0}
	EndGlobalSection
EndGlobal
